{
  "object": {
    "pins": [
      {
        "package": "Get",
        "repositoryURL": "https://github.com/kean/Get",
        "state": {
          "branch": null,
          "revision": "f0795a24f4864152c47c444c0163088b4510ac5b",
          "version": "1.0.3"
        }
      }
    ]
  },
  "version": 1
}
